// !$*UTF8*$!
{
	archiveVersion = 1;
	classes = {
	};
	objectVersion = 50;
	objects = {

/* Begin PBXBuildFile section */
		416882EE263E3DD5005A10E2 /* UEFIGraphicsFB.h in Headers */ = {isa = PBXBuildFile; fileRef = 416882ED263E3DD5005A10E2 /* UEFIGraphicsFB.h */; };
		416882F0263E3DD5005A10E2 /* UEFIGraphicsFB.cpp in Sources */ = {isa = PBXBuildFile; fileRef = 416882EF263E3DD5005A10E2 /* UEFIGraphicsFB.cpp */; };
		CEAE89A026404DF40073A6D6 /* libkmod.a in Frameworks */ = {isa = PBXBuildFile; fileRef = CEAE899F26404DF40073A6D6 /* libkmod.a */; };
/* End PBXBuildFile section */

/* Begin PBXFileReference section */
		416882EA263E3DD5005A10E2 /* UEFIGraphicsFB.kext */ = {isa = PBXFileReference; explicitFileType = wrapper.cfbundle; includeInIndex = 0; path = UEFIGraphicsFB.kext; sourceTree = BUILT_PRODUCTS_DIR; };
		416882ED263E3DD5005A10E2 /* UEFIGraphicsFB.h */ = {isa = PBXFileReference; lastKnownFileType = sourcecode.c.h; path = UEFIGraphicsFB.h; sourceTree = "<group>"; };
		416882EF263E3DD5005A10E2 /* UEFIGraphicsFB.cpp */ = {isa = PBXFileReference; lastKnownFileType = sourcecode.cpp.cpp; path = UEFIGraphicsFB.cpp; sourceTree = "<group>"; };
		416882F1263E3DD5005A10E2 /* Info.plist */ = {isa = PBXFileReference; lastKnownFileType = text.plist.xml; path = Info.plist; sourceTree = "<group>"; };
		CEAE899F26404DF40073A6D6 /* libkmod.a */ = {isa = PBXFileReference; lastKnownFileType = archive.ar; name = libkmod.a; path = ../Lilu/MacKernelSDK/Library/x86_64/libkmod.a; sourceTree = "<group>"; };
/* End PBXFileReference section */

/* Begin PBXFrameworksBuildPhase section */
		416882E7263E3DD5005A10E2 /* Frameworks */ = {
			isa = PBXFrameworksBuildPhase;
			buildActionMask = 2147483647;
			files = (
				CEAE89A026404DF40073A6D6 /* libkmod.a in Frameworks */,
			);
			runOnlyForDeploymentPostprocessing = 0;
		};
/* End PBXFrameworksBuildPhase section */

/* Begin PBXGroup section */
		416882E0263E3DD5005A10E2 = {
			isa = PBXGroup;
			children = (
				416882EC263E3DD5005A10E2 /* UEFIGraphicsFB */,
				416882EB263E3DD5005A10E2 /* Products */,
				CEAE899E26404DF30073A6D6 /* Frameworks */,
			);
			sourceTree = "<group>";
		};
		416882EB263E3DD5005A10E2 /* Products */ = {
			isa = PBXGroup;
			children = (
				416882EA263E3DD5005A10E2 /* UEFIGraphicsFB.kext */,
			);
			name = Products;
			sourceTree = "<group>";
		};
		416882EC263E3DD5005A10E2 /* UEFIGraphicsFB */ = {
			isa = PBXGroup;
			children = (
				416882ED263E3DD5005A10E2 /* UEFIGraphicsFB.h */,
				416882EF263E3DD5005A10E2 /* UEFIGraphicsFB.cpp */,
				416882F1263E3DD5005A10E2 /* Info.plist */,
			);
			path = UEFIGraphicsFB;
			sourceTree = "<group>";
		};
		CEAE899E26404DF30073A6D6 /* Frameworks */ = {
			isa = PBXGroup;
			children = (
				CEAE899F26404DF40073A6D6 /* libkmod.a */,
			);
			name = Frameworks;
			sourceTree = "<group>";
		};
/* End PBXGroup section */

/* Begin PBXHeadersBuildPhase section */
		416882E5263E3DD5005A10E2 /* Headers */ = {
			isa = PBXHeadersBuildPhase;
			buildActionMask = 2147483647;
			files = (
				416882EE263E3DD5005A10E2 /* UEFIGraphicsFB.h in Headers */,
			);
			runOnlyForDeploymentPostprocessing = 0;
		};
/* End PBXHeadersBuildPhase section */

/* Begin PBXNativeTarget section */
		416882E9263E3DD5005A10E2 /* UEFIGraphicsFB */ = {
			isa = PBXNativeTarget;
			buildConfigurationList = 416882F4263E3DD5005A10E2 /* Build configuration list for PBXNativeTarget "UEFIGraphicsFB" */;
			buildPhases = (
				416882E5263E3DD5005A10E2 /* Headers */,
				416882E6263E3DD5005A10E2 /* Sources */,
				416882E7263E3DD5005A10E2 /* Frameworks */,
				416882E8263E3DD5005A10E2 /* Resources */,
				CEAE89A1264053F90073A6D6 /* Archive */,
			);
			buildRules = (
			);
			dependencies = (
			);
			name = UEFIGraphicsFB;
			productName = UEFIGraphicsFB;
			productReference = 416882EA263E3DD5005A10E2 /* UEFIGraphicsFB.kext */;
			productType = "com.apple.product-type.kernel-extension";
		};
/* End PBXNativeTarget section */

/* Begin PBXProject section */
		416882E1263E3DD5005A10E2 /* Project object */ = {
			isa = PBXProject;
			attributes = {
				LastUpgradeCheck = 1250;
				TargetAttributes = {
					416882E9263E3DD5005A10E2 = {
						CreatedOnToolsVersion = 12.4;
					};
				};
			};
			buildConfigurationList = 416882E4263E3DD5005A10E2 /* Build configuration list for PBXProject "UEFIGraphicsFB" */;
			compatibilityVersion = "Xcode 9.3";
			developmentRegion = en;
			hasScannedForEncodings = 0;
			knownRegions = (
				en,
				Base,
			);
			mainGroup = 416882E0263E3DD5005A10E2;
			productRefGroup = 416882EB263E3DD5005A10E2 /* Products */;
			projectDirPath = "";
			projectRoot = "";
			targets = (
				416882E9263E3DD5005A10E2 /* UEFIGraphicsFB */,
			);
		};
/* End PBXProject section */

/* Begin PBXResourcesBuildPhase section */
		416882E8263E3DD5005A10E2 /* Resources */ = {
			isa = PBXResourcesBuildPhase;
			buildActionMask = 2147483647;
			files = (
			);
			runOnlyForDeploymentPostprocessing = 0;
		};
/* End PBXResourcesBuildPhase section */

/* Begin PBXShellScriptBuildPhase section */
		CEAE89A1264053F90073A6D6 /* Archive */ = {
			isa = PBXShellScriptBuildPhase;
			buildActionMask = 2147483647;
			files = (
			);
			inputFileListPaths = (
			);
			inputPaths = (
			);
			name = Archive;
			outputFileListPaths = (
			);
			outputPaths = (
			);
			runOnlyForDeploymentPostprocessing = 0;
			shellPath = /bin/sh;
			shellScript = "cd \"${TARGET_BUILD_DIR}\"\n\ndist=(\"$FULL_PRODUCT_NAME\")\n\narchive=\"${PRODUCT_NAME}-${MODULE_VERSION}-$(echo $CONFIGURATION | tr /a-z/ /A-Z/).zip\"\nrm -rf *.zip\nzip -qry -FS \"${archive}\" \"${dist[@]}\"\n";
		};
/* End PBXShellScriptBuildPhase section */

/* Begin PBXSourcesBuildPhase section */
		416882E6263E3DD5005A10E2 /* Sources */ = {
			isa = PBXSourcesBuildPhase;
			buildActionMask = 2147483647;
			files = (
				416882F0263E3DD5005A10E2 /* UEFIGraphicsFB.cpp in Sources */,
			);
			runOnlyForDeploymentPostprocessing = 0;
		};
/* End PBXSourcesBuildPhase section */

/* Begin XCBuildConfiguration section */
		416882F2263E3DD5005A10E2 /* Debug */ = {
			isa = XCBuildConfiguration;
			buildSettings = {
				ALWAYS_SEARCH_USER_PATHS = NO;
				ARCHS = x86_64;
				CLANG_ANALYZER_NONNULL = YES;
				CLANG_ANALYZER_NUMBER_OBJECT_CONVERSION = YES_AGGRESSIVE;
				CLANG_CXX_LANGUAGE_STANDARD = "gnu++14";
				CLANG_CXX_LIBRARY = "libstdc++";
				CLANG_ENABLE_MODULES = YES;
				CLANG_ENABLE_OBJC_ARC = YES;
				CLANG_ENABLE_OBJC_WEAK = YES;
				CLANG_WARN_BLOCK_CAPTURE_AUTORELEASING = YES;
				CLANG_WARN_BOOL_CONVERSION = YES;
				CLANG_WARN_COMMA = YES;
				CLANG_WARN_CONSTANT_CONVERSION = YES;
				CLANG_WARN_DEPRECATED_OBJC_IMPLEMENTATIONS = YES;
				CLANG_WARN_DIRECT_OBJC_ISA_USAGE = YES_ERROR;
				CLANG_WARN_DOCUMENTATION_COMMENTS = YES;
				CLANG_WARN_EMPTY_BODY = YES;
				CLANG_WARN_ENUM_CONVERSION = YES;
				CLANG_WARN_INFINITE_RECURSION = YES;
				CLANG_WARN_INT_CONVERSION = YES;
				CLANG_WARN_NON_LITERAL_NULL_CONVERSION = YES;
				CLANG_WARN_OBJC_IMPLICIT_RETAIN_SELF = YES;
				CLANG_WARN_OBJC_LITERAL_CONVERSION = YES;
				CLANG_WARN_OBJC_ROOT_CLASS = YES_ERROR;
				CLANG_WARN_QUOTED_INCLUDE_IN_FRAMEWORK_HEADER = YES;
				CLANG_WARN_RANGE_LOOP_ANALYSIS = YES;
				CLANG_WARN_STRICT_PROTOTYPES = YES;
				CLANG_WARN_SUSPICIOUS_MOVE = YES;
				CLANG_WARN_UNGUARDED_AVAILABILITY = YES_AGGRESSIVE;
				CLANG_WARN_UNREACHABLE_CODE = YES;
				CLANG_WARN__DUPLICATE_METHOD_MATCH = YES;
				COPY_PHASE_STRIP = NO;
				DEBUG_INFORMATION_FORMAT = dwarf;
				ENABLE_STRICT_OBJC_MSGSEND = YES;
				ENABLE_TESTABILITY = YES;
				GCC_C_LANGUAGE_STANDARD = gnu11;
				GCC_DYNAMIC_NO_PIC = NO;
				GCC_NO_COMMON_BLOCKS = YES;
				GCC_OPTIMIZATION_LEVEL = 0;
				GCC_PREPROCESSOR_DEFINITIONS = (
					"DEBUG=1",
					"$(inherited)",
				);
				GCC_WARN_64_TO_32_BIT_CONVERSION = YES;
				GCC_WARN_ABOUT_RETURN_TYPE = YES_ERROR;
				GCC_WARN_UNDECLARED_SELECTOR = YES;
				GCC_WARN_UNINITIALIZED_AUTOS = YES_AGGRESSIVE;
				GCC_WARN_UNUSED_FUNCTION = YES;
				GCC_WARN_UNUSED_VARIABLE = YES;
				KERNEL_EXTENSION_HEADER_SEARCH_PATHS = "$(PROJECT_DIR)/MacKernelSDK/Headers";
				KERNEL_FRAMEWORK_HEADERS = "$(PROJECT_DIR)/MacKernelSDK/Headers";
				MACOSX_DEPLOYMENT_TARGET = 10.6;
				ONLY_ACTIVE_ARCH = YES;
				OTHER_CFLAGS = (
					"-Wno-stdlibcxx-not-found",
					"-nostdlib",
					"-fallow-unsupported",
				);
			};
			name = Debug;
		};
		416882F3263E3DD5005A10E2 /* Release */ = {
			isa = XCBuildConfiguration;
			buildSettings = {
				ALWAYS_SEARCH_USER_PATHS = NO;
				ARCHS = x86_64;
				CLANG_ANALYZER_NONNULL = YES;
				CLANG_ANALYZER_NUMBER_OBJECT_CONVERSION = YES_AGGRESSIVE;
				CLANG_CXX_LANGUAGE_STANDARD = "gnu++14";
				CLANG_CXX_LIBRARY = "libstdc++";
				CLANG_ENABLE_MODULES = YES;
				CLANG_ENABLE_OBJC_ARC = YES;
				CLANG_ENABLE_OBJC_WEAK = YES;
				CLANG_WARN_BLOCK_CAPTURE_AUTORELEASING = YES;
				CLANG_WARN_BOOL_CONVERSION = YES;
				CLANG_WARN_COMMA = YES;
				CLANG_WARN_CONSTANT_CONVERSION = YES;
				CLANG_WARN_DEPRECATED_OBJC_IMPLEMENTATIONS = YES;
				CLANG_WARN_DIRECT_OBJC_ISA_USAGE = YES_ERROR;
				CLANG_WARN_DOCUMENTATION_COMMENTS = YES;
				CLANG_WARN_EMPTY_BODY = YES;
				CLANG_WARN_ENUM_CONVERSION = YES;
				CLANG_WARN_INFINITE_RECURSION = YES;
				CLANG_WARN_INT_CONVERSION = YES;
				CLANG_WARN_NON_LITERAL_NULL_CONVERSION = YES;
				CLANG_WARN_OBJC_IMPLICIT_RETAIN_SELF = YES;
				CLANG_WARN_OBJC_LITERAL_CONVERSION = YES;
				CLANG_WARN_OBJC_ROOT_CLASS = YES_ERROR;
				CLANG_WARN_QUOTED_INCLUDE_IN_FRAMEWORK_HEADER = YES;
				CLANG_WARN_RANGE_LOOP_ANALYSIS = YES;
				CLANG_WARN_STRICT_PROTOTYPES = YES;
				CLANG_WARN_SUSPICIOUS_MOVE = YES;
				CLANG_WARN_UNGUARDED_AVAILABILITY = YES_AGGRESSIVE;
				CLANG_WARN_UNREACHABLE_CODE = YES;
				CLANG_WARN__DUPLICATE_METHOD_MATCH = YES;
				COPY_PHASE_STRIP = NO;
				DEBUG_INFORMATION_FORMAT = "dwarf-with-dsym";
				ENABLE_NS_ASSERTIONS = NO;
				ENABLE_STRICT_OBJC_MSGSEND = YES;
				GCC_C_LANGUAGE_STANDARD = gnu11;
				GCC_NO_COMMON_BLOCKS = YES;
				GCC_WARN_64_TO_32_BIT_CONVERSION = YES;
				GCC_WARN_ABOUT_RETURN_TYPE = YES_ERROR;
				GCC_WARN_UNDECLARED_SELECTOR = YES;
				GCC_WARN_UNINITIALIZED_AUTOS = YES_AGGRESSIVE;
				GCC_WARN_UNUSED_FUNCTION = YES;
				GCC_WARN_UNUSED_VARIABLE = YES;
				KERNEL_EXTENSION_HEADER_SEARCH_PATHS = "$(PROJECT_DIR)/MacKernelSDK/Headers";
				KERNEL_FRAMEWORK_HEADERS = "$(PROJECT_DIR)/MacKernelSDK/Headers";
				MACOSX_DEPLOYMENT_TARGET = 10.6;
				OTHER_CFLAGS = (
					"-Wno-stdlibcxx-not-found",
					"-nostdlib",
					"-fallow-unsupported",
				);
			};
			name = Release;
		};
		416882F5263E3DD5005A10E2 /* Debug */ = {
			isa = XCBuildConfiguration;
			buildSettings = {
				CLANG_WARN_QUOTED_INCLUDE_IN_FRAMEWORK_HEADER = NO;
				CODE_SIGN_STYLE = Automatic;
				COMBINE_HIDPI_IMAGES = YES;
				CURRENT_PROJECT_VERSION = "$(MODULE_VERSION)";
				INFOPLIST_FILE = UEFIGraphicsFB/Info.plist;
				LIBRARY_SEARCH_PATHS = "$(PROJECT_DIR)/MacKernelSDK/Library/x86_64";
				MODULE_NAME = fish.goldfish64.UEFIGraphicsFB;
				MODULE_VERSION = 1.0.0;
				PRODUCT_BUNDLE_IDENTIFIER = fish.goldfish64.UEFIGraphicsFB;
				PRODUCT_NAME = "$(TARGET_NAME)";
				RUN_CLANG_STATIC_ANALYZER = YES;
				WRAPPER_EXTENSION = kext;
			};
			name = Debug;
		};
		416882F6263E3DD5005A10E2 /* Release */ = {
			isa = XCBuildConfiguration;
			buildSettings = {
				CLANG_WARN_QUOTED_INCLUDE_IN_FRAMEWORK_HEADER = NO;
				CODE_SIGN_STYLE = Automatic;
				COMBINE_HIDPI_IMAGES = YES;
				CURRENT_PROJECT_VERSION = "$(MODULE_VERSION)";
				INFOPLIST_FILE = UEFIGraphicsFB/Info.plist;
				LIBRARY_SEARCH_PATHS = "$(PROJECT_DIR)/MacKernelSDK/Library/x86_64";
				MODULE_NAME = fish.goldfish64.UEFIGraphicsFB;
				MODULE_VERSION = 1.0.0;
				PRODUCT_BUNDLE_IDENTIFIER = fish.goldfish64.UEFIGraphicsFB;
				PRODUCT_NAME = "$(TARGET_NAME)";
				RUN_CLANG_STATIC_ANALYZER = YES;
				WRAPPER_EXTENSION = kext;
			};
			name = Release;
		};
/* End XCBuildConfiguration section */

/* Begin XCConfigurationList section */
		416882E4263E3DD5005A10E2 /* Build configuration list for PBXProject "UEFIGraphicsFB" */ = {
			isa = XCConfigurationList;
			buildConfigurations = (
				416882F2263E3DD5005A10E2 /* Debug */,
				416882F3263E3DD5005A10E2 /* Release */,
			);
			defaultConfigurationIsVisible = 0;
			defaultConfigurationName = Release;
		};
		416882F4263E3DD5005A10E2 /* Build configuration list for PBXNativeTarget "UEFIGraphicsFB" */ = {
			isa = XCConfigurationList;
			buildConfigurations = (
				416882F5263E3DD5005A10E2 /* Debug */,
				416882F6263E3DD5005A10E2 /* Release */,
			);
			defaultConfigurationIsVisible = 0;
			defaultConfigurationName = Release;
		};
/* End XCConfigurationList section */
	};
	rootObject = 416882E1263E3DD5005A10E2 /* Project object */;
}
